<?xml version="1.0" encoding="utf-8"?>
<Project ToolsVersion="4.0" xmlns="http://schemas.microsoft.com/developer/msbuild/2003">
  <ItemGroup>
    <Filter Include="Source Files">
      <UniqueIdentifier>{fcc274b8-d886-4d2b-83cb-d5a4a388220e}</UniqueIdentifier>
      <Extensions>cpp;c;cxx;rc;def;r;odl;idl;hpj;bat</Extensions>
    </Filter>
    <Filter Include="Header Files">
      <UniqueIdentifier>{902ee886-c862-4cdb-8214-284613037923}</UniqueIdentifier>
      <Extensions>h;hpp;hxx;hm;inl</Extensions>
    </Filter>
    <Filter Include="Resource Files">
      <UniqueIdentifier>{a7bf1af0-fec3-4e00-82b6-83291158ca56}</UniqueIdentifier>
      <Extensions>ico;cur;bmp;dlg;rc2;rct;bin;rgs;gif;jpg;jpeg;jpe</Extensions>
    </Filter>
  </ItemGroup>
  <ItemGroup>
    <ClCompile Include="BBLoader.cpp">
      <Filter>Source Files</Filter>
    </ClCompile>
    <ClCompile Include="Dlg.cpp">
      <Filter>Source Files</Filter>
    </ClCompile>
    <ClCompile Include="DlgAttch.cpp">
      <Filter>Source Files</Filter>
    </ClCompile>
    <ClCompile Include="Page1.cpp">
      <Filter>Source Files</Filter>
    </ClCompile>
    <ClCompile Include="Page2.cpp">
      <Filter>Source Files</Filter>
    </ClCompile>
    <ClCompile Include="Page3.cpp">
      <Filter>Source Files</Filter>
    </ClCompile>
    <ClCompile Include="Page4.cpp">
      <Filter>Source Files</Filter>
    </ClCompile>
    <ClCompile Include="SetDlg.cpp">
      <Filter>Source Files</Filter>
    </ClCompile>
    <ClCompile Include="StdAfx.cpp">
      <Filter>Source Files</Filter>
    </ClCompile>
    <ClCompile Include="TabSheet.cpp">
      <Filter>Source Files</Filter>
    </ClCompile>
    <ClCompile Include="Page5.cpp">
      <Filter>Source Files</Filter>
    </ClCompile>
  </ItemGroup>
  <ItemGroup>
    <ResourceCompile Include="BBLoader.rc">
      <Filter>Source Files</Filter>
    </ResourceCompile>
  </ItemGroup>
  <ItemGroup>
    <ClInclude Include="TabSheet.h">
      <Filter>Source Files</Filter>
    </ClInclude>
    <ClInclude Include="BBLoader.h">
      <Filter>Header Files</Filter>
    </ClInclude>
    <ClInclude Include="Dlg.h">
      <Filter>Header Files</Filter>
    </ClInclude>
    <ClInclude Include="DlgAttch.h">
      <Filter>Header Files</Filter>
    </ClInclude>
    <ClInclude Include="Page1.h">
      <Filter>Header Files</Filter>
    </ClInclude>
    <ClInclude Include="Page2.h">
      <Filter>Header Files</Filter>
    </ClInclude>
    <ClInclude Include="Page3.h">
      <Filter>Header Files</Filter>
    </ClInclude>
    <ClInclude Include="Page4.h">
      <Filter>Header Files</Filter>
    </ClInclude>
    <ClInclude Include="Resource.h">
      <Filter>Header Files</Filter>
    </ClInclude>
    <ClInclude Include="SetDlg.h">
      <Filter>Header Files</Filter>
    </ClInclude>
    <ClInclude Include="StdAfx.h">
      <Filter>Header Files</Filter>
    </ClInclude>
    <ClInclude Include="Page5.h">
      <Filter>Header Files</Filter>
    </ClInclude>
  </ItemGroup>
  <ItemGroup>
    <Image Include="res\BBLoader.ico">
      <Filter>Resource Files</Filter>
    </Image>
  </ItemGroup>
  <ItemGroup>
    <Manifest Include="xpbtn.manifest" />
  </ItemGroup>
  <ItemGroup>
    <CustomBuild Include="res\BBLoader.rc2">
      <Filter>Resource Files</Filter>
    </CustomBuild>
  </ItemGroup>
</Project>